
Microsoft Visual Studio Solution File, Format Version 12.00
# Visual Studio Version 17
VisualStudioVersion = 17.14.36511.14
MinimumVisualStudioVersion = 10.0.40219.1
Project("{FAE04EC0-301F-11D3-BF4B-00C04F79EFBC}") = "BlaisePascal.CdManagement.Domain", "BlaisePascal.CdManagement.Domain\BlaisePascal.CdManagement.Domain.csproj", "{5851BF98-973B-44A1-89B8-436F9CF55FDC}"
EndProject
Project("{FAE04EC0-301F-11D3-BF4B-00C04F79EFBC}") = "BlaisePascal.CDManagement.WPF", "BlaisePascal.CDManagement.WPF\BlaisePascal.CDManagement.WPF.csproj", "{3050D23B-CCE5-4747-BA34-2DFE0A967541}"
EndProject
Global
	GlobalSection(SolutionConfigurationPlatforms) = preSolution
		Debug|Any CPU = Debug|Any CPU
		Release|Any CPU = Release|Any CPU
	EndGlobalSection
	GlobalSection(ProjectConfigurationPlatforms) = postSolution
		{5851BF98-973B-44A1-89B8-436F9CF55FDC}.Debug|Any CPU.ActiveCfg = Debug|Any CPU
		{5851BF98-973B-44A1-89B8-436F9CF55FDC}.Debug|Any CPU.Build.0 = Debug|Any CPU
		{5851BF98-973B-44A1-89B8-436F9CF55FDC}.Release|Any CPU.ActiveCfg = Release|Any CPU
		{5851BF98-973B-44A1-89B8-436F9CF55FDC}.Release|Any CPU.Build.0 = Release|Any CPU
		{3050D23B-CCE5-4747-BA34-2DFE0A967541}.Debug|Any CPU.ActiveCfg = Debug|Any CPU
		{3050D23B-CCE5-4747-BA34-2DFE0A967541}.Debug|Any CPU.Build.0 = Debug|Any CPU
		{3050D23B-CCE5-4747-BA34-2DFE0A967541}.Release|Any CPU.ActiveCfg = Release|Any CPU
		{3050D23B-CCE5-4747-BA34-2DFE0A967541}.Release|Any CPU.Build.0 = Release|Any CPU
	EndGlobalSection
	GlobalSection(SolutionProperties) = preSolution
		HideSolutionNode = FALSE
	EndGlobalSection
	GlobalSection(ExtensibilityGlobals) = postSolution
		SolutionGuid = {06C3160A-EE6C-4436-B01F-FB55B218DBC8}
	EndGlobalSection
EndGlobal
